
Microsoft Visual Studio Solution File, Format Version 12.00
# Visual Studio Version 16
VisualStudioVersion = 16.0.31702.278
MinimumVisualStudioVersion = 10.0.40219.1
Project("{FAE04EC0-301F-11D3-BF4B-00C04F79EFBC}") = "SensorReading", "SensorReading\SensorReading.csproj", "{DB267B67-486F-443F-943E-1120C5C2FBAB}"
EndProject
Global
	GlobalSection(SolutionConfigurationPlatforms) = preSolution
		Debug|Any CPU = Debug|Any CPU
		Release|Any CPU = Release|Any CPU
	EndGlobalSection
	GlobalSection(ProjectConfigurationPlatforms) = postSolution
		{DB267B67-486F-443F-943E-1120C5C2FBAB}.Debug|Any CPU.ActiveCfg = Debug|Any CPU
		{DB267B67-486F-443F-943E-1120C5C2FBAB}.Debug|Any CPU.Build.0 = Debug|Any CPU
		{DB267B67-486F-443F-943E-1120C5C2FBAB}.Release|Any CPU.ActiveCfg = Release|Any CPU
		{DB267B67-486F-443F-943E-1120C5C2FBAB}.Release|Any CPU.Build.0 = Release|Any CPU
	EndGlobalSection
	GlobalSection(SolutionProperties) = preSolution
		HideSolutionNode = FALSE
	EndGlobalSection
	GlobalSection(ExtensibilityGlobals) = postSolution
		SolutionGuid = {2540A96D-523E-440A-A38F-7F7BE22C994E}
	EndGlobalSection
EndGlobal
